
Microsoft Visual Studio Solution File, Format Version 12.00
# Visual Studio 15
Project("{FAE04EC0-301F-11D3-BF4B-00C04F79EFBC}") = "Grouping_Colors", "Grouping_Colors\Grouping_Colors.csproj", "{39F55F72-5CA7-418B-9C43-C1EF93CD1FFD}"
EndProject
Global
	GlobalSection(SolutionConfigurationPlatforms) = preSolution
		Debug|Any CPU = Debug|Any CPU
		Release|Any CPU = Release|Any CPU
	EndGlobalSection
	GlobalSection(ProjectConfigurationPlatforms) = postSolution
		{39F55F72-5CA7-418B-9C43-C1EF93CD1FFD}.Debug|Any CPU.ActiveCfg = Debug|Any CPU
		{39F55F72-5CA7-418B-9C43-C1EF93CD1FFD}.Debug|Any CPU.Build.0 = Debug|Any CPU
		{39F55F72-5CA7-418B-9C43-C1EF93CD1FFD}.Release|Any CPU.ActiveCfg = Release|Any CPU
		{39F55F72-5CA7-418B-9C43-C1EF93CD1FFD}.Release|Any CPU.Build.0 = Release|Any CPU
	EndGlobalSection
EndGlobal
